// !$*UTF8*$!
{
	archiveVersion = 1;
	classes = {
	};
	objectVersion = 46;
	objects = {

/* Begin PBXBuildFile section */
		AD1673921A27CB3E0046F347 /* AppDelegate.swift in Sources */ = {isa = PBXBuildFile; fileRef = AD1673911A27CB3E0046F347 /* AppDelegate.swift */; };
		AD1673951A27CB3E0046F347 /* iOSSwiftMetal.xcdatamodeld in Sources */ = {isa = PBXBuildFile; fileRef = AD1673931A27CB3E0046F347 /* iOSSwiftMetal.xcdatamodeld */; };
		AD1673971A27CB3E0046F347 /* ViewController.swift in Sources */ = {isa = PBXBuildFile; fileRef = AD1673961A27CB3E0046F347 /* ViewController.swift */; };
		AD16739A1A27CB3E0046F347 /* Main.storyboard in Resources */ = {isa = PBXBuildFile; fileRef = AD1673981A27CB3E0046F347 /* Main.storyboard */; };
		AD16739C1A27CB3E0046F347 /* Images.xcassets in Resources */ = {isa = PBXBuildFile; fileRef = AD16739B1A27CB3E0046F347 /* Images.xcassets */; };
		AD16739F1A27CB3E0046F347 /* LaunchScreen.xib in Resources */ = {isa = PBXBuildFile; fileRef = AD16739D1A27CB3E0046F347 /* LaunchScreen.xib */; };
		AD1673AB1A27CB3E0046F347 /* iOSSwiftMetalTests.swift in Sources */ = {isa = PBXBuildFile; fileRef = AD1673AA1A27CB3E0046F347 /* iOSSwiftMetalTests.swift */; };
		AD1673B81A27D6EB0046F347 /* Matrix4.m in Sources */ = {isa = PBXBuildFile; fileRef = AD1673B71A27D6EB0046F347 /* Matrix4.m */; };
		AD1673BD1A27D85C0046F347 /* Vertex.swift in Sources */ = {isa = PBXBuildFile; fileRef = AD1673BC1A27D85C0046F347 /* Vertex.swift */; };
		AD1673BF1A27D88E0046F347 /* Node.swift in Sources */ = {isa = PBXBuildFile; fileRef = AD1673BE1A27D88E0046F347 /* Node.swift */; };
		AD1673C11A27D8C90046F347 /* Triangle.swift in Sources */ = {isa = PBXBuildFile; fileRef = AD1673C01A27D8C90046F347 /* Triangle.swift */; };
		AD1673C51A27DE5B0046F347 /* Shaders.metal in Sources */ = {isa = PBXBuildFile; fileRef = AD1673C41A27DE5B0046F347 /* Shaders.metal */; };
		AD1673C71A27DFB10046F347 /* Plane.swift in Sources */ = {isa = PBXBuildFile; fileRef = AD1673C61A27DFB10046F347 /* Plane.swift */; };
/* End PBXBuildFile section */

/* Begin PBXContainerItemProxy section */
		AD1673A51A27CB3E0046F347 /* PBXContainerItemProxy */ = {
			isa = PBXContainerItemProxy;
			containerPortal = AD1673841A27CB3E0046F347 /* Project object */;
			proxyType = 1;
			remoteGlobalIDString = AD16738B1A27CB3E0046F347;
			remoteInfo = iOSSwiftMetal;
		};
/* End PBXContainerItemProxy section */

/* Begin PBXFileReference section */
		AD16738C1A27CB3E0046F347 /* iOSSwiftMetal.app */ = {isa = PBXFileReference; explicitFileType = wrapper.application; includeInIndex = 0; path = iOSSwiftMetal.app; sourceTree = BUILT_PRODUCTS_DIR; };
		AD1673901A27CB3E0046F347 /* Info.plist */ = {isa = PBXFileReference; lastKnownFileType = text.plist.xml; path = Info.plist; sourceTree = "<group>"; };
		AD1673911A27CB3E0046F347 /* AppDelegate.swift */ = {isa = PBXFileReference; lastKnownFileType = sourcecode.swift; path = AppDelegate.swift; sourceTree = "<group>"; };
		AD1673941A27CB3E0046F347 /* iOSSwiftMetal.xcdatamodel */ = {isa = PBXFileReference; lastKnownFileType = wrapper.xcdatamodel; path = iOSSwiftMetal.xcdatamodel; sourceTree = "<group>"; };
		AD1673961A27CB3E0046F347 /* ViewController.swift */ = {isa = PBXFileReference; lastKnownFileType = sourcecode.swift; path = ViewController.swift; sourceTree = "<group>"; };
		AD1673991A27CB3E0046F347 /* Base */ = {isa = PBXFileReference; lastKnownFileType = file.storyboard; name = Base; path = Base.lproj/Main.storyboard; sourceTree = "<group>"; };
		AD16739B1A27CB3E0046F347 /* Images.xcassets */ = {isa = PBXFileReference; lastKnownFileType = folder.assetcatalog; path = Images.xcassets; sourceTree = "<group>"; };
		AD16739E1A27CB3E0046F347 /* Base */ = {isa = PBXFileReference; lastKnownFileType = file.xib; name = Base; path = Base.lproj/LaunchScreen.xib; sourceTree = "<group>"; };
		AD1673A41A27CB3E0046F347 /* iOSSwiftMetalTests.xctest */ = {isa = PBXFileReference; explicitFileType = wrapper.cfbundle; includeInIndex = 0; path = iOSSwiftMetalTests.xctest; sourceTree = BUILT_PRODUCTS_DIR; };
		AD1673A91A27CB3E0046F347 /* Info.plist */ = {isa = PBXFileReference; lastKnownFileType = text.plist.xml; path = Info.plist; sourceTree = "<group>"; };
		AD1673AA1A27CB3E0046F347 /* iOSSwiftMetalTests.swift */ = {isa = PBXFileReference; lastKnownFileType = sourcecode.swift; path = iOSSwiftMetalTests.swift; sourceTree = "<group>"; };
		AD1673B61A27D6EB0046F347 /* Matrix4.h */ = {isa = PBXFileReference; fileEncoding = 4; lastKnownFileType = sourcecode.c.h; path = Matrix4.h; sourceTree = "<group>"; };
		AD1673B71A27D6EB0046F347 /* Matrix4.m */ = {isa = PBXFileReference; fileEncoding = 4; lastKnownFileType = sourcecode.c.objc; path = Matrix4.m; sourceTree = "<group>"; };
		AD1673BB1A27D7690046F347 /* iOSSwiftMetal-Bridging-Header.h */ = {isa = PBXFileReference; fileEncoding = 4; lastKnownFileType = sourcecode.c.h; path = "iOSSwiftMetal-Bridging-Header.h"; sourceTree = "<group>"; };
		AD1673BC1A27D85C0046F347 /* Vertex.swift */ = {isa = PBXFileReference; fileEncoding = 4; lastKnownFileType = sourcecode.swift; path = Vertex.swift; sourceTree = "<group>"; };
		AD1673BE1A27D88E0046F347 /* Node.swift */ = {isa = PBXFileReference; fileEncoding = 4; lastKnownFileType = sourcecode.swift; path = Node.swift; sourceTree = "<group>"; };
		AD1673C01A27D8C90046F347 /* Triangle.swift */ = {isa = PBXFileReference; fileEncoding = 4; lastKnownFileType = sourcecode.swift; path = Triangle.swift; sourceTree = "<group>"; };
		AD1673C41A27DE5B0046F347 /* Shaders.metal */ = {isa = PBXFileReference; fileEncoding = 4; lastKnownFileType = sourcecode.metal; path = Shaders.metal; sourceTree = "<group>"; };
		AD1673C61A27DFB10046F347 /* Plane.swift */ = {isa = PBXFileReference; fileEncoding = 4; lastKnownFileType = sourcecode.swift; path = Plane.swift; sourceTree = "<group>"; };
/* End PBXFileReference section */

/* Begin PBXFrameworksBuildPhase section */
		AD1673891A27CB3E0046F347 /* Frameworks */ = {
			isa = PBXFrameworksBuildPhase;
			buildActionMask = 2147483647;
			files = (
			);
			runOnlyForDeploymentPostprocessing = 0;
		};
		AD1673A11A27CB3E0046F347 /* Frameworks */ = {
			isa = PBXFrameworksBuildPhase;
			buildActionMask = 2147483647;
			files = (
			);
			runOnlyForDeploymentPostprocessing = 0;
		};
/* End PBXFrameworksBuildPhase section */

/* Begin PBXGroup section */
		AD1673831A27CB3E0046F347 = {
			isa = PBXGroup;
			children = (
				AD16738E1A27CB3E0046F347 /* iOSSwiftMetal */,
				AD1673A71A27CB3E0046F347 /* iOSSwiftMetalTests */,
				AD16738D1A27CB3E0046F347 /* Products */,
			);
			sourceTree = "<group>";
		};
		AD16738D1A27CB3E0046F347 /* Products */ = {
			isa = PBXGroup;
			children = (
				AD16738C1A27CB3E0046F347 /* iOSSwiftMetal.app */,
				AD1673A41A27CB3E0046F347 /* iOSSwiftMetalTests.xctest */,
			);
			name = Products;
			sourceTree = "<group>";
		};
		AD16738E1A27CB3E0046F347 /* iOSSwiftMetal */ = {
			isa = PBXGroup;
			children = (
				AD1673911A27CB3E0046F347 /* AppDelegate.swift */,
				AD1673961A27CB3E0046F347 /* ViewController.swift */,
				AD1673BC1A27D85C0046F347 /* Vertex.swift */,
				AD1673BE1A27D88E0046F347 /* Node.swift */,
				AD1673C01A27D8C90046F347 /* Triangle.swift */,
				AD1673C61A27DFB10046F347 /* Plane.swift */,
				AD1673C41A27DE5B0046F347 /* Shaders.metal */,
				AD1673B61A27D6EB0046F347 /* Matrix4.h */,
				AD1673B71A27D6EB0046F347 /* Matrix4.m */,
				AD1673BB1A27D7690046F347 /* iOSSwiftMetal-Bridging-Header.h */,
				AD1673981A27CB3E0046F347 /* Main.storyboard */,
				AD16739B1A27CB3E0046F347 /* Images.xcassets */,
				AD16739D1A27CB3E0046F347 /* LaunchScreen.xib */,
				AD1673931A27CB3E0046F347 /* iOSSwiftMetal.xcdatamodeld */,
				AD16738F1A27CB3E0046F347 /* Supporting Files */,
			);
			path = iOSSwiftMetal;
			sourceTree = "<group>";
		};
		AD16738F1A27CB3E0046F347 /* Supporting Files */ = {
			isa = PBXGroup;
			children = (
				AD1673901A27CB3E0046F347 /* Info.plist */,
			);
			name = "Supporting Files";
			sourceTree = "<group>";
		};
		AD1673A71A27CB3E0046F347 /* iOSSwiftMetalTests */ = {
			isa = PBXGroup;
			children = (
				AD1673AA1A27CB3E0046F347 /* iOSSwiftMetalTests.swift */,
				AD1673A81A27CB3E0046F347 /* Supporting Files */,
			);
			path = iOSSwiftMetalTests;
			sourceTree = "<group>";
		};
		AD1673A81A27CB3E0046F347 /* Supporting Files */ = {
			isa = PBXGroup;
			children = (
				AD1673A91A27CB3E0046F347 /* Info.plist */,
			);
			name = "Supporting Files";
			sourceTree = "<group>";
		};
/* End PBXGroup section */

/* Begin PBXNativeTarget section */
		AD16738B1A27CB3E0046F347 /* iOSSwiftMetal */ = {
			isa = PBXNativeTarget;
			buildConfigurationList = AD1673AE1A27CB3E0046F347 /* Build configuration list for PBXNativeTarget "iOSSwiftMetal" */;
			buildPhases = (
				AD1673881A27CB3E0046F347 /* Sources */,
				AD1673891A27CB3E0046F347 /* Frameworks */,
				AD16738A1A27CB3E0046F347 /* Resources */,
			);
			buildRules = (
			);
			dependencies = (
			);
			name = iOSSwiftMetal;
			productName = iOSSwiftMetal;
			productReference = AD16738C1A27CB3E0046F347 /* iOSSwiftMetal.app */;
			productType = "com.apple.product-type.application";
		};
		AD1673A31A27CB3E0046F347 /* iOSSwiftMetalTests */ = {
			isa = PBXNativeTarget;
			buildConfigurationList = AD1673B11A27CB3E0046F347 /* Build configuration list for PBXNativeTarget "iOSSwiftMetalTests" */;
			buildPhases = (
				AD1673A01A27CB3E0046F347 /* Sources */,
				AD1673A11A27CB3E0046F347 /* Frameworks */,
				AD1673A21A27CB3E0046F347 /* Resources */,
			);
			buildRules = (
			);
			dependencies = (
				AD1673A61A27CB3E0046F347 /* PBXTargetDependency */,
			);
			name = iOSSwiftMetalTests;
			productName = iOSSwiftMetalTests;
			productReference = AD1673A41A27CB3E0046F347 /* iOSSwiftMetalTests.xctest */;
			productType = "com.apple.product-type.bundle.unit-test";
		};
/* End PBXNativeTarget section */

/* Begin PBXProject section */
		AD1673841A27CB3E0046F347 /* Project object */ = {
			isa = PBXProject;
			attributes = {
				LastUpgradeCheck = 0610;
				ORGANIZATIONNAME = "Bradley Griffith";
				TargetAttributes = {
					AD16738B1A27CB3E0046F347 = {
						CreatedOnToolsVersion = 6.1;
					};
					AD1673A31A27CB3E0046F347 = {
						CreatedOnToolsVersion = 6.1;
						TestTargetID = AD16738B1A27CB3E0046F347;
					};
				};
			};
			buildConfigurationList = AD1673871A27CB3E0046F347 /* Build configuration list for PBXProject "iOSSwiftMetal" */;
			compatibilityVersion = "Xcode 3.2";
			developmentRegion = English;
			hasScannedForEncodings = 0;
			knownRegions = (
				en,
				Base,
			);
			mainGroup = AD1673831A27CB3E0046F347;
			productRefGroup = AD16738D1A27CB3E0046F347 /* Products */;
			projectDirPath = "";
			projectRoot = "";
			targets = (
				AD16738B1A27CB3E0046F347 /* iOSSwiftMetal */,
				AD1673A31A27CB3E0046F347 /* iOSSwiftMetalTests */,
			);
		};
/* End PBXProject section */

/* Begin PBXResourcesBuildPhase section */
		AD16738A1A27CB3E0046F347 /* Resources */ = {
			isa = PBXResourcesBuildPhase;
			buildActionMask = 2147483647;
			files = (
				AD16739A1A27CB3E0046F347 /* Main.storyboard in Resources */,
				AD16739F1A27CB3E0046F347 /* LaunchScreen.xib in Resources */,
				AD16739C1A27CB3E0046F347 /* Images.xcassets in Resources */,
			);
			runOnlyForDeploymentPostprocessing = 0;
		};
		AD1673A21A27CB3E0046F347 /* Resources */ = {
			isa = PBXResourcesBuildPhase;
			buildActionMask = 2147483647;
			files = (
			);
			runOnlyForDeploymentPostprocessing = 0;
		};
/* End PBXResourcesBuildPhase section */

/* Begin PBXSourcesBuildPhase section */
		AD1673881A27CB3E0046F347 /* Sources */ = {
			isa = PBXSourcesBuildPhase;
			buildActionMask = 2147483647;
			files = (
				AD1673C51A27DE5B0046F347 /* Shaders.metal in Sources */,
				AD1673C71A27DFB10046F347 /* Plane.swift in Sources */,
				AD1673B81A27D6EB0046F347 /* Matrix4.m in Sources */,
				AD1673971A27CB3E0046F347 /* ViewController.swift in Sources */,
				AD1673921A27CB3E0046F347 /* AppDelegate.swift in Sources */,
				AD1673951A27CB3E0046F347 /* iOSSwiftMetal.xcdatamodeld in Sources */,
				AD1673BD1A27D85C0046F347 /* Vertex.swift in Sources */,
				AD1673BF1A27D88E0046F347 /* Node.swift in Sources */,
				AD1673C11A27D8C90046F347 /* Triangle.swift in Sources */,
			);
			runOnlyForDeploymentPostprocessing = 0;
		};
		AD1673A01A27CB3E0046F347 /* Sources */ = {
			isa = PBXSourcesBuildPhase;
			buildActionMask = 2147483647;
			files = (
				AD1673AB1A27CB3E0046F347 /* iOSSwiftMetalTests.swift in Sources */,
			);
			runOnlyForDeploymentPostprocessing = 0;
		};
/* End PBXSourcesBuildPhase section */

/* Begin PBXTargetDependency section */
		AD1673A61A27CB3E0046F347 /* PBXTargetDependency */ = {
			isa = PBXTargetDependency;
			target = AD16738B1A27CB3E0046F347 /* iOSSwiftMetal */;
			targetProxy = AD1673A51A27CB3E0046F347 /* PBXContainerItemProxy */;
		};
/* End PBXTargetDependency section */

/* Begin PBXVariantGroup section */
		AD1673981A27CB3E0046F347 /* Main.storyboard */ = {
			isa = PBXVariantGroup;
			children = (
				AD1673991A27CB3E0046F347 /* Base */,
			);
			name = Main.storyboard;
			sourceTree = "<group>";
		};
		AD16739D1A27CB3E0046F347 /* LaunchScreen.xib */ = {
			isa = PBXVariantGroup;
			children = (
				AD16739E1A27CB3E0046F347 /* Base */,
			);
			name = LaunchScreen.xib;
			sourceTree = "<group>";
		};
/* End PBXVariantGroup section */

/* Begin XCBuildConfiguration section */
		AD1673AC1A27CB3E0046F347 /* Debug */ = {
			isa = XCBuildConfiguration;
			buildSettings = {
				ALWAYS_SEARCH_USER_PATHS = NO;
				CLANG_CXX_LANGUAGE_STANDARD = "gnu++0x";
				CLANG_CXX_LIBRARY = "libc++";
				CLANG_ENABLE_MODULES = YES;
				CLANG_ENABLE_OBJC_ARC = YES;
				CLANG_WARN_BOOL_CONVERSION = YES;
				CLANG_WARN_CONSTANT_CONVERSION = YES;
				CLANG_WARN_DIRECT_OBJC_ISA_USAGE = YES_ERROR;
				CLANG_WARN_EMPTY_BODY = YES;
				CLANG_WARN_ENUM_CONVERSION = YES;
				CLANG_WARN_INT_CONVERSION = YES;
				CLANG_WARN_OBJC_ROOT_CLASS = YES_ERROR;
				CLANG_WARN_UNREACHABLE_CODE = YES;
				CLANG_WARN__DUPLICATE_METHOD_MATCH = YES;
				"CODE_SIGN_IDENTITY[sdk=iphoneos*]" = "iPhone Developer";
				COPY_PHASE_STRIP = NO;
				ENABLE_STRICT_OBJC_MSGSEND = YES;
				GCC_C_LANGUAGE_STANDARD = gnu99;
				GCC_DYNAMIC_NO_PIC = NO;
				GCC_OPTIMIZATION_LEVEL = 0;
				GCC_PREPROCESSOR_DEFINITIONS = (
					"DEBUG=1",
					"$(inherited)",
				);
				GCC_SYMBOLS_PRIVATE_EXTERN = NO;
				GCC_WARN_64_TO_32_BIT_CONVERSION = YES;
				GCC_WARN_ABOUT_RETURN_TYPE = YES_ERROR;
				GCC_WARN_UNDECLARED_SELECTOR = YES;
				GCC_WARN_UNINITIALIZED_AUTOS = YES_AGGRESSIVE;
				GCC_WARN_UNUSED_FUNCTION = YES;
				GCC_WARN_UNUSED_VARIABLE = YES;
				IPHONEOS_DEPLOYMENT_TARGET = 8.1;
				MTL_ENABLE_DEBUG_INFO = YES;
				ONLY_ACTIVE_ARCH = YES;
				SDKROOT = iphoneos;
				SWIFT_OPTIMIZATION_LEVEL = "-Onone";
				TARGETED_DEVICE_FAMILY = 2;
			};
			name = Debug;
		};
		AD1673AD1A27CB3E0046F347 /* Release */ = {
			isa = XCBuildConfiguration;
			buildSettings = {
				ALWAYS_SEARCH_USER_PATHS = NO;
				CLANG_CXX_LANGUAGE_STANDARD = "gnu++0x";
				CLANG_CXX_LIBRARY = "libc++";
				CLANG_ENABLE_MODULES = YES;
				CLANG_ENABLE_OBJC_ARC = YES;
				CLANG_WARN_BOOL_CONVERSION = YES;
				CLANG_WARN_CONSTANT_CONVERSION = YES;
				CLANG_WARN_DIRECT_OBJC_ISA_USAGE = YES_ERROR;
				CLANG_WARN_EMPTY_BODY = YES;
				CLANG_WARN_ENUM_CONVERSION = YES;
				CLANG_WARN_INT_CONVERSION = YES;
				CLANG_WARN_OBJC_ROOT_CLASS = YES_ERROR;
				CLANG_WARN_UNREACHABLE_CODE = YES;
				CLANG_WARN__DUPLICATE_METHOD_MATCH = YES;
				"CODE_SIGN_IDENTITY[sdk=iphoneos*]" = "iPhone Developer";
				COPY_PHASE_STRIP = YES;
				ENABLE_NS_ASSERTIONS = NO;
				ENABLE_STRICT_OBJC_MSGSEND = YES;
				GCC_C_LANGUAGE_STANDARD = gnu99;
				GCC_WARN_64_TO_32_BIT_CONVERSION = YES;
				GCC_WARN_ABOUT_RETURN_TYPE = YES_ERROR;
				GCC_WARN_UNDECLARED_SELECTOR = YES;
				GCC_WARN_UNINITIALIZED_AUTOS = YES_AGGRESSIVE;
				GCC_WARN_UNUSED_FUNCTION = YES;
				GCC_WARN_UNUSED_VARIABLE = YES;
				IPHONEOS_DEPLOYMENT_TARGET = 8.1;
				MTL_ENABLE_DEBUG_INFO = NO;
				SDKROOT = iphoneos;
				TARGETED_DEVICE_FAMILY = 2;
				VALIDATE_PRODUCT = YES;
			};
			name = Release;
		};
		AD1673AF1A27CB3E0046F347 /* Debug */ = {
			isa = XCBuildConfiguration;
			buildSettings = {
				ASSETCATALOG_COMPILER_APPICON_NAME = AppIcon;
				INFOPLIST_FILE = iOSSwiftMetal/Info.plist;
				LD_RUNPATH_SEARCH_PATHS = "$(inherited) @executable_path/Frameworks";
				PRODUCT_NAME = "$(TARGET_NAME)";
				SWIFT_OBJC_BRIDGING_HEADER = "iOSSwiftMetal/iOSSwiftMetal-Bridging-Header.h";
				TARGETED_DEVICE_FAMILY = 2;
			};
			name = Debug;
		};
		AD1673B01A27CB3E0046F347 /* Release */ = {
			isa = XCBuildConfiguration;
			buildSettings = {
				ASSETCATALOG_COMPILER_APPICON_NAME = AppIcon;
				INFOPLIST_FILE = iOSSwiftMetal/Info.plist;
				LD_RUNPATH_SEARCH_PATHS = "$(inherited) @executable_path/Frameworks";
				PRODUCT_NAME = "$(TARGET_NAME)";
				SWIFT_OBJC_BRIDGING_HEADER = "iOSSwiftMetal/iOSSwiftMetal-Bridging-Header.h";
				TARGETED_DEVICE_FAMILY = 2;
			};
			name = Release;
		};
		AD1673B21A27CB3E0046F347 /* Debug */ = {
			isa = XCBuildConfiguration;
			buildSettings = {
				BUNDLE_LOADER = "$(TEST_HOST)";
				FRAMEWORK_SEARCH_PATHS = (
					"$(SDKROOT)/Developer/Library/Frameworks",
					"$(inherited)",
				);
				GCC_PREPROCESSOR_DEFINITIONS = (
					"DEBUG=1",
					"$(inherited)",
				);
				INFOPLIST_FILE = iOSSwiftMetalTests/Info.plist;
				LD_RUNPATH_SEARCH_PATHS = "$(inherited) @executable_path/Frameworks @loader_path/Frameworks";
				PRODUCT_NAME = "$(TARGET_NAME)";
				TEST_HOST = "$(BUILT_PRODUCTS_DIR)/iOSSwiftMetal.app/iOSSwiftMetal";
			};
			name = Debug;
		};
		AD1673B31A27CB3E0046F347 /* Release */ = {
			isa = XCBuildConfiguration;
			buildSettings = {
				BUNDLE_LOADER = "$(TEST_HOST)";
				FRAMEWORK_SEARCH_PATHS = (
					"$(SDKROOT)/Developer/Library/Frameworks",
					"$(inherited)",
				);
				INFOPLIST_FILE = iOSSwiftMetalTests/Info.plist;
				LD_RUNPATH_SEARCH_PATHS = "$(inherited) @executable_path/Frameworks @loader_path/Frameworks";
				PRODUCT_NAME = "$(TARGET_NAME)";
				TEST_HOST = "$(BUILT_PRODUCTS_DIR)/iOSSwiftMetal.app/iOSSwiftMetal";
			};
			name = Release;
		};
/* End XCBuildConfiguration section */

/* Begin XCConfigurationList section */
		AD1673871A27CB3E0046F347 /* Build configuration list for PBXProject "iOSSwiftMetal" */ = {
			isa = XCConfigurationList;
			buildConfigurations = (
				AD1673AC1A27CB3E0046F347 /* Debug */,
				AD1673AD1A27CB3E0046F347 /* Release */,
			);
			defaultConfigurationIsVisible = 0;
			defaultConfigurationName = Release;
		};
		AD1673AE1A27CB3E0046F347 /* Build configuration list for PBXNativeTarget "iOSSwiftMetal" */ = {
			isa = XCConfigurationList;
			buildConfigurations = (
				AD1673AF1A27CB3E0046F347 /* Debug */,
				AD1673B01A27CB3E0046F347 /* Release */,
			);
			defaultConfigurationIsVisible = 0;
			defaultConfigurationName = Release;
		};
		AD1673B11A27CB3E0046F347 /* Build configuration list for PBXNativeTarget "iOSSwiftMetalTests" */ = {
			isa = XCConfigurationList;
			buildConfigurations = (
				AD1673B21A27CB3E0046F347 /* Debug */,
				AD1673B31A27CB3E0046F347 /* Release */,
			);
			defaultConfigurationIsVisible = 0;
			defaultConfigurationName = Release;
		};
/* End XCConfigurationList section */

/* Begin XCVersionGroup section */
		AD1673931A27CB3E0046F347 /* iOSSwiftMetal.xcdatamodeld */ = {
			isa = XCVersionGroup;
			children = (
				AD1673941A27CB3E0046F347 /* iOSSwiftMetal.xcdatamodel */,
			);
			currentVersion = AD1673941A27CB3E0046F347 /* iOSSwiftMetal.xcdatamodel */;
			path = iOSSwiftMetal.xcdatamodeld;
			sourceTree = "<group>";
			versionGroupType = wrapper.xcdatamodel;
		};
/* End XCVersionGroup section */
	};
	rootObject = AD1673841A27CB3E0046F347 /* Project object */;
}
